
Microsoft Visual Studio Solution File, Format Version 12.00
# Visual Studio Version 17
VisualStudioVersion = 17.10.35013.160
MinimumVisualStudioVersion = 10.0.40219.1
Project("{FAE04EC0-301F-11D3-BF4B-00C04F79EFBC}") = "ConsumidorApi", "ConsumidorApi\ConsumidorApi.csproj", "{D3D98EC8-DB0B-447F-897C-51F886ED9D8C}"
EndProject
Global
	GlobalSection(SolutionConfigurationPlatforms) = preSolution
		Debug|Any CPU = Debug|Any CPU
		Release|Any CPU = Release|Any CPU
	EndGlobalSection
	GlobalSection(ProjectConfigurationPlatforms) = postSolution
		{D3D98EC8-DB0B-447F-897C-51F886ED9D8C}.Debug|Any CPU.ActiveCfg = Debug|Any CPU
		{D3D98EC8-DB0B-447F-897C-51F886ED9D8C}.Debug|Any CPU.Build.0 = Debug|Any CPU
		{D3D98EC8-DB0B-447F-897C-51F886ED9D8C}.Release|Any CPU.ActiveCfg = Release|Any CPU
		{D3D98EC8-DB0B-447F-897C-51F886ED9D8C}.Release|Any CPU.Build.0 = Release|Any CPU
	EndGlobalSection
	GlobalSection(SolutionProperties) = preSolution
		HideSolutionNode = FALSE
	EndGlobalSection
	GlobalSection(ExtensibilityGlobals) = postSolution
		SolutionGuid = {260A648A-C21C-4091-A287-015219598E63}
	EndGlobalSection
EndGlobal
